// !$*UTF8*$!
{
	archiveVersion = 1;
	classes = {
	};
	objectVersion = 56;
	objects = {

/* Begin PBXBuildFile section */
		C238A3472A0474580083C775 /* BackButton.swift in Sources */ = {isa = PBXBuildFile; fileRef = C238A3462A0474580083C775 /* BackButton.swift */; };
		C238A34F2A06C90A0083C775 /* DrawerViewRepresentable.swift in Sources */ = {isa = PBXBuildFile; fileRef = C238A34E2A06C90A0083C775 /* DrawerViewRepresentable.swift */; };
		C238A3512A06C9420083C775 /* DrawerViewController.swift in Sources */ = {isa = PBXBuildFile; fileRef = C238A3502A06C9420083C775 /* DrawerViewController.swift */; };
		C238A3612A087C0A0083C775 /* Introspect in Frameworks */ = {isa = PBXBuildFile; productRef = C238A3602A087C0A0083C775 /* Introspect */; };
		C238A3672A088FDE0083C775 /* DrawerViewModel.swift in Sources */ = {isa = PBXBuildFile; fileRef = C238A3662A088FDE0083C775 /* DrawerViewModel.swift */; };
		C238A36C2A08984F0083C775 /* CloseFriendCell.swift in Sources */ = {isa = PBXBuildFile; fileRef = C238A36B2A08984F0083C775 /* CloseFriendCell.swift */; };
		C238A36F2A08A7210083C775 /* HapticManager.swift in Sources */ = {isa = PBXBuildFile; fileRef = C238A36E2A08A7210083C775 /* HapticManager.swift */; };
		C29022202A02D20500E83C30 /* testApp.swift in Sources */ = {isa = PBXBuildFile; fileRef = C290221F2A02D20500E83C30 /* testApp.swift */; };
		C29022222A02D20500E83C30 /* ContentView.swift in Sources */ = {isa = PBXBuildFile; fileRef = C29022212A02D20500E83C30 /* ContentView.swift */; };
		C29022242A02D20600E83C30 /* Assets.xcassets in Resources */ = {isa = PBXBuildFile; fileRef = C29022232A02D20600E83C30 /* Assets.xcassets */; };
		C29022272A02D20600E83C30 /* Preview Assets.xcassets in Resources */ = {isa = PBXBuildFile; fileRef = C29022262A02D20600E83C30 /* Preview Assets.xcassets */; };
		C290222F2A02D23700E83C30 /* BaseView.swift in Sources */ = {isa = PBXBuildFile; fileRef = C290222E2A02D23700E83C30 /* BaseView.swift */; };
		C29022312A02D29D00E83C30 /* DrawerView.swift in Sources */ = {isa = PBXBuildFile; fileRef = C29022302A02D29D00E83C30 /* DrawerView.swift */; };
		C29022332A02D47500E83C30 /* DrawerCell.swift in Sources */ = {isa = PBXBuildFile; fileRef = C29022322A02D47500E83C30 /* DrawerCell.swift */; };
		C29022352A02D74200E83C30 /* DrawerContainerView.swift in Sources */ = {isa = PBXBuildFile; fileRef = C29022342A02D74200E83C30 /* DrawerContainerView.swift */; };
/* End PBXBuildFile section */

/* Begin PBXFileReference section */
		C238A3462A0474580083C775 /* BackButton.swift */ = {isa = PBXFileReference; lastKnownFileType = sourcecode.swift; path = BackButton.swift; sourceTree = "<group>"; };
		C238A34E2A06C90A0083C775 /* DrawerViewRepresentable.swift */ = {isa = PBXFileReference; lastKnownFileType = sourcecode.swift; path = DrawerViewRepresentable.swift; sourceTree = "<group>"; };
		C238A3502A06C9420083C775 /* DrawerViewController.swift */ = {isa = PBXFileReference; lastKnownFileType = sourcecode.swift; path = DrawerViewController.swift; sourceTree = "<group>"; };
		C238A3662A088FDE0083C775 /* DrawerViewModel.swift */ = {isa = PBXFileReference; lastKnownFileType = sourcecode.swift; path = DrawerViewModel.swift; sourceTree = "<group>"; };
		C238A36B2A08984F0083C775 /* CloseFriendCell.swift */ = {isa = PBXFileReference; lastKnownFileType = sourcecode.swift; path = CloseFriendCell.swift; sourceTree = "<group>"; };
		C238A36E2A08A7210083C775 /* HapticManager.swift */ = {isa = PBXFileReference; lastKnownFileType = sourcecode.swift; path = HapticManager.swift; sourceTree = "<group>"; };
		C238A3702A08ACDA0083C775 /* Info.plist */ = {isa = PBXFileReference; lastKnownFileType = text.plist; path = Info.plist; sourceTree = "<group>"; };
		C290221C2A02D20500E83C30 /* test.app */ = {isa = PBXFileReference; explicitFileType = wrapper.application; includeInIndex = 0; path = test.app; sourceTree = BUILT_PRODUCTS_DIR; };
		C290221F2A02D20500E83C30 /* testApp.swift */ = {isa = PBXFileReference; lastKnownFileType = sourcecode.swift; path = testApp.swift; sourceTree = "<group>"; };
		C29022212A02D20500E83C30 /* ContentView.swift */ = {isa = PBXFileReference; lastKnownFileType = sourcecode.swift; path = ContentView.swift; sourceTree = "<group>"; };
		C29022232A02D20600E83C30 /* Assets.xcassets */ = {isa = PBXFileReference; lastKnownFileType = folder.assetcatalog; path = Assets.xcassets; sourceTree = "<group>"; };
		C29022262A02D20600E83C30 /* Preview Assets.xcassets */ = {isa = PBXFileReference; lastKnownFileType = folder.assetcatalog; path = "Preview Assets.xcassets"; sourceTree = "<group>"; };
		C290222E2A02D23700E83C30 /* BaseView.swift */ = {isa = PBXFileReference; lastKnownFileType = sourcecode.swift; path = BaseView.swift; sourceTree = "<group>"; };
		C29022302A02D29D00E83C30 /* DrawerView.swift */ = {isa = PBXFileReference; lastKnownFileType = sourcecode.swift; path = DrawerView.swift; sourceTree = "<group>"; };
		C29022322A02D47500E83C30 /* DrawerCell.swift */ = {isa = PBXFileReference; lastKnownFileType = sourcecode.swift; path = DrawerCell.swift; sourceTree = "<group>"; };
		C29022342A02D74200E83C30 /* DrawerContainerView.swift */ = {isa = PBXFileReference; lastKnownFileType = sourcecode.swift; path = DrawerContainerView.swift; sourceTree = "<group>"; };
/* End PBXFileReference section */

/* Begin PBXFrameworksBuildPhase section */
		C29022192A02D20500E83C30 /* Frameworks */ = {
			isa = PBXFrameworksBuildPhase;
			buildActionMask = 2147483647;
			files = (
				C238A3612A087C0A0083C775 /* Introspect in Frameworks */,
			);
			runOnlyForDeploymentPostprocessing = 0;
		};
/* End PBXFrameworksBuildPhase section */

/* Begin PBXGroup section */
		C238A34C2A06C2DD0083C775 /* SwiftUI Drawer */ = {
			isa = PBXGroup;
			children = (
				C238A3662A088FDE0083C775 /* DrawerViewModel.swift */,
				C238A3682A088FE10083C775 /* Views */,
				C238A3692A088FEE0083C775 /* UI */,
			);
			path = "SwiftUI Drawer";
			sourceTree = "<group>";
		};
		C238A34D2A06C2E60083C775 /* UIKit Drawer */ = {
			isa = PBXGroup;
			children = (
				C238A34E2A06C90A0083C775 /* DrawerViewRepresentable.swift */,
				C238A3502A06C9420083C775 /* DrawerViewController.swift */,
			);
			path = "UIKit Drawer";
			sourceTree = "<group>";
		};
		C238A3682A088FE10083C775 /* Views */ = {
			isa = PBXGroup;
			children = (
				C29022342A02D74200E83C30 /* DrawerContainerView.swift */,
				C29022302A02D29D00E83C30 /* DrawerView.swift */,
			);
			path = Views;
			sourceTree = "<group>";
		};
		C238A3692A088FEE0083C775 /* UI */ = {
			isa = PBXGroup;
			children = (
				C238A3462A0474580083C775 /* BackButton.swift */,
				C29022322A02D47500E83C30 /* DrawerCell.swift */,
				C238A36B2A08984F0083C775 /* CloseFriendCell.swift */,
			);
			path = UI;
			sourceTree = "<group>";
		};
		C238A36D2A08A7060083C775 /* Constants */ = {
			isa = PBXGroup;
			children = (
				C238A36E2A08A7210083C775 /* HapticManager.swift */,
			);
			path = Constants;
			sourceTree = "<group>";
		};
		C29022132A02D20500E83C30 = {
			isa = PBXGroup;
			children = (
				C290221E2A02D20500E83C30 /* test */,
				C290221D2A02D20500E83C30 /* Products */,
			);
			sourceTree = "<group>";
		};
		C290221D2A02D20500E83C30 /* Products */ = {
			isa = PBXGroup;
			children = (
				C290221C2A02D20500E83C30 /* test.app */,
			);
			name = Products;
			sourceTree = "<group>";
		};
		C290221E2A02D20500E83C30 /* test */ = {
			isa = PBXGroup;
			children = (
				C238A3702A08ACDA0083C775 /* Info.plist */,
				C290221F2A02D20500E83C30 /* testApp.swift */,
				C238A36D2A08A7060083C775 /* Constants */,
				C290222D2A02D22700E83C30 /* Views */,
				C29022232A02D20600E83C30 /* Assets.xcassets */,
				C29022252A02D20600E83C30 /* Preview Content */,
			);
			path = test;
			sourceTree = "<group>";
		};
		C29022252A02D20600E83C30 /* Preview Content */ = {
			isa = PBXGroup;
			children = (
				C29022262A02D20600E83C30 /* Preview Assets.xcassets */,
			);
			path = "Preview Content";
			sourceTree = "<group>";
		};
		C290222D2A02D22700E83C30 /* Views */ = {
			isa = PBXGroup;
			children = (
				C29022212A02D20500E83C30 /* ContentView.swift */,
				C290222E2A02D23700E83C30 /* BaseView.swift */,
				C238A34C2A06C2DD0083C775 /* SwiftUI Drawer */,
				C238A34D2A06C2E60083C775 /* UIKit Drawer */,
			);
			path = Views;
			sourceTree = "<group>";
		};
/* End PBXGroup section */

/* Begin PBXNativeTarget section */
		C290221B2A02D20500E83C30 /* test */ = {
			isa = PBXNativeTarget;
			buildConfigurationList = C290222A2A02D20600E83C30 /* Build configuration list for PBXNativeTarget "test" */;
			buildPhases = (
				C29022182A02D20500E83C30 /* Sources */,
				C29022192A02D20500E83C30 /* Frameworks */,
				C290221A2A02D20500E83C30 /* Resources */,
			);
			buildRules = (
			);
			dependencies = (
			);
			name = test;
			packageProductDependencies = (
				C238A3602A087C0A0083C775 /* Introspect */,
			);
			productName = test;
			productReference = C290221C2A02D20500E83C30 /* test.app */;
			productType = "com.apple.product-type.application";
		};
/* End PBXNativeTarget section */

/* Begin PBXProject section */
		C29022142A02D20500E83C30 /* Project object */ = {
			isa = PBXProject;
			attributes = {
				BuildIndependentTargetsInParallel = 1;
				LastSwiftUpdateCheck = 1430;
				LastUpgradeCheck = 1430;
				TargetAttributes = {
					C290221B2A02D20500E83C30 = {
						CreatedOnToolsVersion = 14.3;
					};
				};
			};
			buildConfigurationList = C29022172A02D20500E83C30 /* Build configuration list for PBXProject "test" */;
			compatibilityVersion = "Xcode 14.0";
			developmentRegion = en;
			hasScannedForEncodings = 0;
			knownRegions = (
				en,
				Base,
			);
			mainGroup = C29022132A02D20500E83C30;
			packageReferences = (
				C238A35F2A087C0A0083C775 /* XCRemoteSwiftPackageReference "SwiftUI-Introspect" */,
			);
			productRefGroup = C290221D2A02D20500E83C30 /* Products */;
			projectDirPath = "";
			projectRoot = "";
			targets = (
				C290221B2A02D20500E83C30 /* test */,
			);
		};
/* End PBXProject section */

/* Begin PBXResourcesBuildPhase section */
		C290221A2A02D20500E83C30 /* Resources */ = {
			isa = PBXResourcesBuildPhase;
			buildActionMask = 2147483647;
			files = (
				C29022272A02D20600E83C30 /* Preview Assets.xcassets in Resources */,
				C29022242A02D20600E83C30 /* Assets.xcassets in Resources */,
			);
			runOnlyForDeploymentPostprocessing = 0;
		};
/* End PBXResourcesBuildPhase section */

/* Begin PBXSourcesBuildPhase section */
		C29022182A02D20500E83C30 /* Sources */ = {
			isa = PBXSourcesBuildPhase;
			buildActionMask = 2147483647;
			files = (
				C290222F2A02D23700E83C30 /* BaseView.swift in Sources */,
				C238A3472A0474580083C775 /* BackButton.swift in Sources */,
				C29022222A02D20500E83C30 /* ContentView.swift in Sources */,
				C238A3672A088FDE0083C775 /* DrawerViewModel.swift in Sources */,
				C29022202A02D20500E83C30 /* testApp.swift in Sources */,
				C238A34F2A06C90A0083C775 /* DrawerViewRepresentable.swift in Sources */,
				C29022352A02D74200E83C30 /* DrawerContainerView.swift in Sources */,
				C29022312A02D29D00E83C30 /* DrawerView.swift in Sources */,
				C29022332A02D47500E83C30 /* DrawerCell.swift in Sources */,
				C238A36C2A08984F0083C775 /* CloseFriendCell.swift in Sources */,
				C238A36F2A08A7210083C775 /* HapticManager.swift in Sources */,
				C238A3512A06C9420083C775 /* DrawerViewController.swift in Sources */,
			);
			runOnlyForDeploymentPostprocessing = 0;
		};
/* End PBXSourcesBuildPhase section */

/* Begin XCBuildConfiguration section */
		C29022282A02D20600E83C30 /* Debug */ = {
			isa = XCBuildConfiguration;
			buildSettings = {
				ALWAYS_SEARCH_USER_PATHS = NO;
				CLANG_ANALYZER_NONNULL = YES;
				CLANG_ANALYZER_NUMBER_OBJECT_CONVERSION = YES_AGGRESSIVE;
				CLANG_CXX_LANGUAGE_STANDARD = "gnu++20";
				CLANG_ENABLE_MODULES = YES;
				CLANG_ENABLE_OBJC_ARC = YES;
				CLANG_ENABLE_OBJC_WEAK = YES;
				CLANG_WARN_BLOCK_CAPTURE_AUTORELEASING = YES;
				CLANG_WARN_BOOL_CONVERSION = YES;
				CLANG_WARN_COMMA = YES;
				CLANG_WARN_CONSTANT_CONVERSION = YES;
				CLANG_WARN_DEPRECATED_OBJC_IMPLEMENTATIONS = YES;
				CLANG_WARN_DIRECT_OBJC_ISA_USAGE = YES_ERROR;
				CLANG_WARN_DOCUMENTATION_COMMENTS = YES;
				CLANG_WARN_EMPTY_BODY = YES;
				CLANG_WARN_ENUM_CONVERSION = YES;
				CLANG_WARN_INFINITE_RECURSION = YES;
				CLANG_WARN_INT_CONVERSION = YES;
				CLANG_WARN_NON_LITERAL_NULL_CONVERSION = YES;
				CLANG_WARN_OBJC_IMPLICIT_RETAIN_SELF = YES;
				CLANG_WARN_OBJC_LITERAL_CONVERSION = YES;
				CLANG_WARN_OBJC_ROOT_CLASS = YES_ERROR;
				CLANG_WARN_QUOTED_INCLUDE_IN_FRAMEWORK_HEADER = YES;
				CLANG_WARN_RANGE_LOOP_ANALYSIS = YES;
				CLANG_WARN_STRICT_PROTOTYPES = YES;
				CLANG_WARN_SUSPICIOUS_MOVE = YES;
				CLANG_WARN_UNGUARDED_AVAILABILITY = YES_AGGRESSIVE;
				CLANG_WARN_UNREACHABLE_CODE = YES;
				CLANG_WARN__DUPLICATE_METHOD_MATCH = YES;
				COPY_PHASE_STRIP = NO;
				DEBUG_INFORMATION_FORMAT = dwarf;
				ENABLE_STRICT_OBJC_MSGSEND = YES;
				ENABLE_TESTABILITY = YES;
				GCC_C_LANGUAGE_STANDARD = gnu11;
				GCC_DYNAMIC_NO_PIC = NO;
				GCC_NO_COMMON_BLOCKS = YES;
				GCC_OPTIMIZATION_LEVEL = 0;
				GCC_PREPROCESSOR_DEFINITIONS = (
					"DEBUG=1",
					"$(inherited)",
				);
				GCC_WARN_64_TO_32_BIT_CONVERSION = YES;
				GCC_WARN_ABOUT_RETURN_TYPE = YES_ERROR;
				GCC_WARN_UNDECLARED_SELECTOR = YES;
				GCC_WARN_UNINITIALIZED_AUTOS = YES_AGGRESSIVE;
				GCC_WARN_UNUSED_FUNCTION = YES;
				GCC_WARN_UNUSED_VARIABLE = YES;
				IPHONEOS_DEPLOYMENT_TARGET = 16.4;
				MTL_ENABLE_DEBUG_INFO = INCLUDE_SOURCE;
				MTL_FAST_MATH = YES;
				ONLY_ACTIVE_ARCH = YES;
				SDKROOT = iphoneos;
				SWIFT_ACTIVE_COMPILATION_CONDITIONS = DEBUG;
				SWIFT_OPTIMIZATION_LEVEL = "-Onone";
			};
			name = Debug;
		};
		C29022292A02D20600E83C30 /* Release */ = {
			isa = XCBuildConfiguration;
			buildSettings = {
				ALWAYS_SEARCH_USER_PATHS = NO;
				CLANG_ANALYZER_NONNULL = YES;
				CLANG_ANALYZER_NUMBER_OBJECT_CONVERSION = YES_AGGRESSIVE;
				CLANG_CXX_LANGUAGE_STANDARD = "gnu++20";
				CLANG_ENABLE_MODULES = YES;
				CLANG_ENABLE_OBJC_ARC = YES;
				CLANG_ENABLE_OBJC_WEAK = YES;
				CLANG_WARN_BLOCK_CAPTURE_AUTORELEASING = YES;
				CLANG_WARN_BOOL_CONVERSION = YES;
				CLANG_WARN_COMMA = YES;
				CLANG_WARN_CONSTANT_CONVERSION = YES;
				CLANG_WARN_DEPRECATED_OBJC_IMPLEMENTATIONS = YES;
				CLANG_WARN_DIRECT_OBJC_ISA_USAGE = YES_ERROR;
				CLANG_WARN_DOCUMENTATION_COMMENTS = YES;
				CLANG_WARN_EMPTY_BODY = YES;
				CLANG_WARN_ENUM_CONVERSION = YES;
				CLANG_WARN_INFINITE_RECURSION = YES;
				CLANG_WARN_INT_CONVERSION = YES;
				CLANG_WARN_NON_LITERAL_NULL_CONVERSION = YES;
				CLANG_WARN_OBJC_IMPLICIT_RETAIN_SELF = YES;
				CLANG_WARN_OBJC_LITERAL_CONVERSION = YES;
				CLANG_WARN_OBJC_ROOT_CLASS = YES_ERROR;
				CLANG_WARN_QUOTED_INCLUDE_IN_FRAMEWORK_HEADER = YES;
				CLANG_WARN_RANGE_LOOP_ANALYSIS = YES;
				CLANG_WARN_STRICT_PROTOTYPES = YES;
				CLANG_WARN_SUSPICIOUS_MOVE = YES;
				CLANG_WARN_UNGUARDED_AVAILABILITY = YES_AGGRESSIVE;
				CLANG_WARN_UNREACHABLE_CODE = YES;
				CLANG_WARN__DUPLICATE_METHOD_MATCH = YES;
				COPY_PHASE_STRIP = NO;
				DEBUG_INFORMATION_FORMAT = "dwarf-with-dsym";
				ENABLE_NS_ASSERTIONS = NO;
				ENABLE_STRICT_OBJC_MSGSEND = YES;
				GCC_C_LANGUAGE_STANDARD = gnu11;
				GCC_NO_COMMON_BLOCKS = YES;
				GCC_WARN_64_TO_32_BIT_CONVERSION = YES;
				GCC_WARN_ABOUT_RETURN_TYPE = YES_ERROR;
				GCC_WARN_UNDECLARED_SELECTOR = YES;
				GCC_WARN_UNINITIALIZED_AUTOS = YES_AGGRESSIVE;
				GCC_WARN_UNUSED_FUNCTION = YES;
				GCC_WARN_UNUSED_VARIABLE = YES;
				IPHONEOS_DEPLOYMENT_TARGET = 16.4;
				MTL_ENABLE_DEBUG_INFO = NO;
				MTL_FAST_MATH = YES;
				SDKROOT = iphoneos;
				SWIFT_COMPILATION_MODE = wholemodule;
				SWIFT_OPTIMIZATION_LEVEL = "-O";
				VALIDATE_PRODUCT = YES;
			};
			name = Release;
		};
		C290222B2A02D20600E83C30 /* Debug */ = {
			isa = XCBuildConfiguration;
			buildSettings = {
				ASSETCATALOG_COMPILER_APPICON_NAME = AppIcon;
				ASSETCATALOG_COMPILER_GLOBAL_ACCENT_COLOR_NAME = AccentColor;
				CODE_SIGN_STYLE = Automatic;
				CURRENT_PROJECT_VERSION = 1;
				DEVELOPMENT_ASSET_PATHS = "\"test/Preview Content\"";
				DEVELOPMENT_TEAM = WF6F5UBRBL;
				ENABLE_PREVIEWS = YES;
				GENERATE_INFOPLIST_FILE = YES;
				INFOPLIST_FILE = test/Info.plist;
				INFOPLIST_KEY_UIApplicationSceneManifest_Generation = YES;
				INFOPLIST_KEY_UIApplicationSupportsIndirectInputEvents = YES;
				INFOPLIST_KEY_UILaunchScreen_Generation = YES;
				INFOPLIST_KEY_UISupportedInterfaceOrientations = UIInterfaceOrientationPortrait;
				INFOPLIST_KEY_UISupportedInterfaceOrientations_iPad = "UIInterfaceOrientationLandscapeLeft UIInterfaceOrientationLandscapeRight UIInterfaceOrientationPortrait UIInterfaceOrientationPortraitUpsideDown";
				IPHONEOS_DEPLOYMENT_TARGET = 16.0;
				LD_RUNPATH_SEARCH_PATHS = (
					"$(inherited)",
					"@executable_path/Frameworks",
				);
				MARKETING_VERSION = 1.0;
				PRODUCT_BUNDLE_IDENTIFIER = com.sidneysadel.test;
				PRODUCT_NAME = "$(TARGET_NAME)";
				SWIFT_EMIT_LOC_STRINGS = YES;
				SWIFT_VERSION = 5.0;
				TARGETED_DEVICE_FAMILY = "1,2";
			};
			name = Debug;
		};
		C290222C2A02D20600E83C30 /* Release */ = {
			isa = XCBuildConfiguration;
			buildSettings = {
				ASSETCATALOG_COMPILER_APPICON_NAME = AppIcon;
				ASSETCATALOG_COMPILER_GLOBAL_ACCENT_COLOR_NAME = AccentColor;
				CODE_SIGN_STYLE = Automatic;
				CURRENT_PROJECT_VERSION = 1;
				DEVELOPMENT_ASSET_PATHS = "\"test/Preview Content\"";
				DEVELOPMENT_TEAM = WF6F5UBRBL;
				ENABLE_PREVIEWS = YES;
				GENERATE_INFOPLIST_FILE = YES;
				INFOPLIST_FILE = test/Info.plist;
				INFOPLIST_KEY_UIApplicationSceneManifest_Generation = YES;
				INFOPLIST_KEY_UIApplicationSupportsIndirectInputEvents = YES;
				INFOPLIST_KEY_UILaunchScreen_Generation = YES;
				INFOPLIST_KEY_UISupportedInterfaceOrientations = UIInterfaceOrientationPortrait;
				INFOPLIST_KEY_UISupportedInterfaceOrientations_iPad = "UIInterfaceOrientationLandscapeLeft UIInterfaceOrientationLandscapeRight UIInterfaceOrientationPortrait UIInterfaceOrientationPortraitUpsideDown";
				IPHONEOS_DEPLOYMENT_TARGET = 16.0;
				LD_RUNPATH_SEARCH_PATHS = (
					"$(inherited)",
					"@executable_path/Frameworks",
				);
				MARKETING_VERSION = 1.0;
				PRODUCT_BUNDLE_IDENTIFIER = com.sidneysadel.test;
				PRODUCT_NAME = "$(TARGET_NAME)";
				SWIFT_EMIT_LOC_STRINGS = YES;
				SWIFT_VERSION = 5.0;
				TARGETED_DEVICE_FAMILY = "1,2";
			};
			name = Release;
		};
/* End XCBuildConfiguration section */

/* Begin XCConfigurationList section */
		C29022172A02D20500E83C30 /* Build configuration list for PBXProject "test" */ = {
			isa = XCConfigurationList;
			buildConfigurations = (
				C29022282A02D20600E83C30 /* Debug */,
				C29022292A02D20600E83C30 /* Release */,
			);
			defaultConfigurationIsVisible = 0;
			defaultConfigurationName = Release;
		};
		C290222A2A02D20600E83C30 /* Build configuration list for PBXNativeTarget "test" */ = {
			isa = XCConfigurationList;
			buildConfigurations = (
				C290222B2A02D20600E83C30 /* Debug */,
				C290222C2A02D20600E83C30 /* Release */,
			);
			defaultConfigurationIsVisible = 0;
			defaultConfigurationName = Release;
		};
/* End XCConfigurationList section */

/* Begin XCRemoteSwiftPackageReference section */
		C238A35F2A087C0A0083C775 /* XCRemoteSwiftPackageReference "SwiftUI-Introspect" */ = {
			isa = XCRemoteSwiftPackageReference;
			repositoryURL = "https://github.com/siteline/SwiftUI-Introspect.git";
			requirement = {
				kind = upToNextMajorVersion;
				minimumVersion = 0.2.3;
			};
		};
/* End XCRemoteSwiftPackageReference section */

/* Begin XCSwiftPackageProductDependency section */
		C238A3602A087C0A0083C775 /* Introspect */ = {
			isa = XCSwiftPackageProductDependency;
			package = C238A35F2A087C0A0083C775 /* XCRemoteSwiftPackageReference "SwiftUI-Introspect" */;
			productName = Introspect;
		};
/* End XCSwiftPackageProductDependency section */
	};
	rootObject = C29022142A02D20500E83C30 /* Project object */;
}
